
Microsoft Visual Studio Solution File, Format Version 12.00
# Visual Studio Version 16
VisualStudioVersion = 16.0.31729.503
MinimumVisualStudioVersion = 10.0.40219.1
Project("{9A19103F-16F7-4668-BE54-9A1E7A4F7556}") = "Odev", "Odev\Odev.csproj", "{E0F4F19A-7650-4BEA-B2CF-4D65E3EFFE43}"
EndProject
Project("{FAE04EC0-301F-11D3-BF4B-00C04F79EFBC}") = "entity framework", "entity framework\entity framework.csproj", "{608D1261-6A34-4F3E-9689-EF4DA6DD6E84}"
EndProject
Global
	GlobalSection(SolutionConfigurationPlatforms) = preSolution
		Debug|Any CPU = Debug|Any CPU
		Release|Any CPU = Release|Any CPU
	EndGlobalSection
	GlobalSection(ProjectConfigurationPlatforms) = postSolution
		{E0F4F19A-7650-4BEA-B2CF-4D65E3EFFE43}.Debug|Any CPU.ActiveCfg = Debug|Any CPU
		{E0F4F19A-7650-4BEA-B2CF-4D65E3EFFE43}.Debug|Any CPU.Build.0 = Debug|Any CPU
		{E0F4F19A-7650-4BEA-B2CF-4D65E3EFFE43}.Release|Any CPU.ActiveCfg = Release|Any CPU
		{E0F4F19A-7650-4BEA-B2CF-4D65E3EFFE43}.Release|Any CPU.Build.0 = Release|Any CPU
		{608D1261-6A34-4F3E-9689-EF4DA6DD6E84}.Debug|Any CPU.ActiveCfg = Debug|Any CPU
		{608D1261-6A34-4F3E-9689-EF4DA6DD6E84}.Debug|Any CPU.Build.0 = Debug|Any CPU
		{608D1261-6A34-4F3E-9689-EF4DA6DD6E84}.Release|Any CPU.ActiveCfg = Release|Any CPU
		{608D1261-6A34-4F3E-9689-EF4DA6DD6E84}.Release|Any CPU.Build.0 = Release|Any CPU
	EndGlobalSection
	GlobalSection(SolutionProperties) = preSolution
		HideSolutionNode = FALSE
	EndGlobalSection
	GlobalSection(ExtensibilityGlobals) = postSolution
		SolutionGuid = {99B01D62-5A53-4195-A38C-77948A01CA0B}
	EndGlobalSection
EndGlobal
